
Microsoft Visual Studio Solution File, Format Version 12.00
# Visual Studio 15
VisualStudioVersion = 15.0.28307.329
MinimumVisualStudioVersion = 10.0.40219.1
Project("{FAE04EC0-301F-11D3-BF4B-00C04F79EFBC}") = "AsyncTest", "AsyncTest\AsyncTest.csproj", "{17F9B6C6-5EAC-4889-8094-25BFBD31FB8D}"
EndProject
Global
	GlobalSection(SolutionConfigurationPlatforms) = preSolution
		Debug|Any CPU = Debug|Any CPU
		Release|Any CPU = Release|Any CPU
	EndGlobalSection
	GlobalSection(ProjectConfigurationPlatforms) = postSolution
		{17F9B6C6-5EAC-4889-8094-25BFBD31FB8D}.Debug|Any CPU.ActiveCfg = Debug|Any CPU
		{17F9B6C6-5EAC-4889-8094-25BFBD31FB8D}.Debug|Any CPU.Build.0 = Debug|Any CPU
		{17F9B6C6-5EAC-4889-8094-25BFBD31FB8D}.Release|Any CPU.ActiveCfg = Release|Any CPU
		{17F9B6C6-5EAC-4889-8094-25BFBD31FB8D}.Release|Any CPU.Build.0 = Release|Any CPU
	EndGlobalSection
	GlobalSection(SolutionProperties) = preSolution
		HideSolutionNode = FALSE
	EndGlobalSection
	GlobalSection(ExtensibilityGlobals) = postSolution
		SolutionGuid = {D834D604-1A14-4969-80D5-D09F34588C2C}
	EndGlobalSection
EndGlobal
